// !$*UTF8*$!
{
	archiveVersion = 1;
	classes = {
	};
	objectVersion = 77;
	objects = {

/* Begin PBXBuildFile section */
		0A37F9012E0FE5C3005FA2D1 /* Down in Frameworks */ = {isa = PBXBuildFile; productRef = 0A37F9002E0FE5C3005FA2D1 /* Down */; };
		0A64B8082F40BD8700A1F819 /* GoogleSignIn in Frameworks */ = {isa = PBXBuildFile; productRef = 0A64B8072F40BD8700A1F819 /* GoogleSignIn */; };
		0A64B80A2F40BD8700A1F819 /* GoogleSignInSwift in Frameworks */ = {isa = PBXBuildFile; productRef = 0A64B8092F40BD8700A1F819 /* GoogleSignInSwift */; };
		0AF8B4DD2DF6F4570037B0F1 /* FirebaseAuth in Frameworks */ = {isa = PBXBuildFile; productRef = 0AF8B4DC2DF6F4570037B0F1 /* FirebaseAuth */; };
		0AF8B4DF2DF6F4570037B0F1 /* FirebaseFirestore in Frameworks */ = {isa = PBXBuildFile; productRef = 0AF8B4DE2DF6F4570037B0F1 /* FirebaseFirestore */; };
		0AF8B4E12DF6F4570037B0F1 /* FirebaseFunctions in Frameworks */ = {isa = PBXBuildFile; productRef = 0AF8B4E02DF6F4570037B0F1 /* FirebaseFunctions */; };
		0AF8B4E32DF6F4570037B0F1 /* FirebaseCrashlytics in Frameworks */ = {isa = PBXBuildFile; productRef = 0AF8B4E22DF6F4570037B0F1 /* FirebaseCrashlytics */; };
/* End PBXBuildFile section */

/* Begin PBXContainerItemProxy section */
		0AF8B4992DF6E7020037B0F1 /* PBXContainerItemProxy */ = {
			isa = PBXContainerItemProxy;
			containerPortal = 0AF8B4832DF6E7000037B0F1 /* Project object */;
			proxyType = 1;
			remoteGlobalIDString = 0AF8B48A2DF6E7000037B0F1;
			remoteInfo = Povver;
		};
		0AF8B4A32DF6E7020037B0F1 /* PBXContainerItemProxy */ = {
			isa = PBXContainerItemProxy;
			containerPortal = 0AF8B4832DF6E7000037B0F1 /* Project object */;
			proxyType = 1;
			remoteGlobalIDString = 0AF8B48A2DF6E7000037B0F1;
			remoteInfo = Povver;
		};
/* End PBXContainerItemProxy section */

/* Begin PBXFileReference section */
		0AF8B48B2DF6E7000037B0F1 /* Povver.app */ = {isa = PBXFileReference; explicitFileType = wrapper.application; includeInIndex = 0; path = Povver.app; sourceTree = BUILT_PRODUCTS_DIR; };
		0AF8B4982DF6E7020037B0F1 /* PovverTests.xctest */ = {isa = PBXFileReference; explicitFileType = wrapper.cfbundle; includeInIndex = 0; path = PovverTests.xctest; sourceTree = BUILT_PRODUCTS_DIR; };
		0AF8B4A22DF6E7020037B0F1 /* PovverUITests.xctest */ = {isa = PBXFileReference; explicitFileType = wrapper.cfbundle; includeInIndex = 0; path = PovverUITests.xctest; sourceTree = BUILT_PRODUCTS_DIR; };
/* End PBXFileReference section */

/* Begin PBXFileSystemSynchronizedBuildFileExceptionSet section */
		0A64B80C2F40BEBB00A1F819 /* Exceptions for "Povver" folder in "Povver" target */ = {
			isa = PBXFileSystemSynchronizedBuildFileExceptionSet;
			membershipExceptions = (
				Info.plist,
			);
			target = 0AF8B48A2DF6E7000037B0F1 /* Povver */;
		};
/* End PBXFileSystemSynchronizedBuildFileExceptionSet section */

/* Begin PBXFileSystemSynchronizedRootGroup section */
		0AF8B48D2DF6E7000037B0F1 /* Povver */ = {
			isa = PBXFileSystemSynchronizedRootGroup;
			exceptions = (
				0A64B80C2F40BEBB00A1F819 /* Exceptions for "Povver" folder in "Povver" target */,
			);
			path = Povver;
			sourceTree = "<group>";
		};
		0AF8B49B2DF6E7020037B0F1 /* PovverTests */ = {
			isa = PBXFileSystemSynchronizedRootGroup;
			path = PovverTests;
			sourceTree = "<group>";
		};
		0AF8B4A52DF6E7020037B0F1 /* PovverUITests */ = {
			isa = PBXFileSystemSynchronizedRootGroup;
			path = PovverUITests;
			sourceTree = "<group>";
		};
/* End PBXFileSystemSynchronizedRootGroup section */

/* Begin PBXFrameworksBuildPhase section */
		0AF8B4882DF6E7000037B0F1 /* Frameworks */ = {
			isa = PBXFrameworksBuildPhase;
			buildActionMask = 2147483647;
			files = (
				0A37F9012E0FE5C3005FA2D1 /* Down in Frameworks */,
				0AF8B4E12DF6F4570037B0F1 /* FirebaseFunctions in Frameworks */,
				0A64B80A2F40BD8700A1F819 /* GoogleSignInSwift in Frameworks */,
				0AF8B4DD2DF6F4570037B0F1 /* FirebaseAuth in Frameworks */,
				0AF8B4DF2DF6F4570037B0F1 /* FirebaseFirestore in Frameworks */,
				0AF8B4E32DF6F4570037B0F1 /* FirebaseCrashlytics in Frameworks */,
				0A64B8082F40BD8700A1F819 /* GoogleSignIn in Frameworks */,
			);
			runOnlyForDeploymentPostprocessing = 0;
		};
		0AF8B4952DF6E7020037B0F1 /* Frameworks */ = {
			isa = PBXFrameworksBuildPhase;
			buildActionMask = 2147483647;
			files = (
			);
			runOnlyForDeploymentPostprocessing = 0;
		};
		0AF8B49F2DF6E7020037B0F1 /* Frameworks */ = {
			isa = PBXFrameworksBuildPhase;
			buildActionMask = 2147483647;
			files = (
			);
			runOnlyForDeploymentPostprocessing = 0;
		};
/* End PBXFrameworksBuildPhase section */

/* Begin PBXGroup section */
		0AF8B4822DF6E7000037B0F1 = {
			isa = PBXGroup;
			children = (
				0AF8B48D2DF6E7000037B0F1 /* Povver */,
				0AF8B49B2DF6E7020037B0F1 /* PovverTests */,
				0AF8B4A52DF6E7020037B0F1 /* PovverUITests */,
				0AF8B48C2DF6E7000037B0F1 /* Products */,
			);
			sourceTree = "<group>";
		};
		0AF8B48C2DF6E7000037B0F1 /* Products */ = {
			isa = PBXGroup;
			children = (
				0AF8B48B2DF6E7000037B0F1 /* Povver.app */,
				0AF8B4982DF6E7020037B0F1 /* PovverTests.xctest */,
				0AF8B4A22DF6E7020037B0F1 /* PovverUITests.xctest */,
			);
			name = Products;
			sourceTree = "<group>";
		};
/* End PBXGroup section */

/* Begin PBXNativeTarget section */
		0AF8B48A2DF6E7000037B0F1 /* Povver */ = {
			isa = PBXNativeTarget;
			buildConfigurationList = 0AF8B4AC2DF6E7020037B0F1 /* Build configuration list for PBXNativeTarget "Povver" */;
			buildPhases = (
				0AF8B4872DF6E7000037B0F1 /* Sources */,
				0AF8B4882DF6E7000037B0F1 /* Frameworks */,
				0AF8B4892DF6E7000037B0F1 /* Resources */,
			);
			buildRules = (
			);
			dependencies = (
			);
			fileSystemSynchronizedGroups = (
				0AF8B48D2DF6E7000037B0F1 /* Povver */,
			);
			name = Povver;
			packageProductDependencies = (
				0AF8B4DC2DF6F4570037B0F1 /* FirebaseAuth */,
				0AF8B4DE2DF6F4570037B0F1 /* FirebaseFirestore */,
				0AF8B4E02DF6F4570037B0F1 /* FirebaseFunctions */,
				0AF8B4E22DF6F4570037B0F1 /* FirebaseCrashlytics */,
				0A37F9002E0FE5C3005FA2D1 /* Down */,
				0A64B8072F40BD8700A1F819 /* GoogleSignIn */,
				0A64B8092F40BD8700A1F819 /* GoogleSignInSwift */,
			);
			productName = Povver;
			productReference = 0AF8B48B2DF6E7000037B0F1 /* Povver.app */;
			productType = "com.apple.product-type.application";
		};
		0AF8B4972DF6E7020037B0F1 /* PovverTests */ = {
			isa = PBXNativeTarget;
			buildConfigurationList = 0AF8B4AF2DF6E7020037B0F1 /* Build configuration list for PBXNativeTarget "PovverTests" */;
			buildPhases = (
				0AF8B4942DF6E7020037B0F1 /* Sources */,
				0AF8B4952DF6E7020037B0F1 /* Frameworks */,
				0AF8B4962DF6E7020037B0F1 /* Resources */,
			);
			buildRules = (
			);
			dependencies = (
				0AF8B49A2DF6E7020037B0F1 /* PBXTargetDependency */,
			);
			fileSystemSynchronizedGroups = (
				0AF8B49B2DF6E7020037B0F1 /* PovverTests */,
			);
			name = PovverTests;
			packageProductDependencies = (
			);
			productName = PovverTests;
			productReference = 0AF8B4982DF6E7020037B0F1 /* PovverTests.xctest */;
			productType = "com.apple.product-type.bundle.unit-test";
		};
		0AF8B4A12DF6E7020037B0F1 /* PovverUITests */ = {
			isa = PBXNativeTarget;
			buildConfigurationList = 0AF8B4B22DF6E7020037B0F1 /* Build configuration list for PBXNativeTarget "PovverUITests" */;
			buildPhases = (
				0AF8B49E2DF6E7020037B0F1 /* Sources */,
				0AF8B49F2DF6E7020037B0F1 /* Frameworks */,
				0AF8B4A02DF6E7020037B0F1 /* Resources */,
			);
			buildRules = (
			);
			dependencies = (
				0AF8B4A42DF6E7020037B0F1 /* PBXTargetDependency */,
			);
			fileSystemSynchronizedGroups = (
				0AF8B4A52DF6E7020037B0F1 /* PovverUITests */,
			);
			name = PovverUITests;
			packageProductDependencies = (
			);
			productName = PovverUITests;
			productReference = 0AF8B4A22DF6E7020037B0F1 /* PovverUITests.xctest */;
			productType = "com.apple.product-type.bundle.ui-testing";
		};
/* End PBXNativeTarget section */

/* Begin PBXProject section */
		0AF8B4832DF6E7000037B0F1 /* Project object */ = {
			isa = PBXProject;
			attributes = {
				BuildIndependentTargetsInParallel = 1;
				LastSwiftUpdateCheck = 1640;
				LastUpgradeCheck = 2620;
				TargetAttributes = {
					0AF8B48A2DF6E7000037B0F1 = {
						CreatedOnToolsVersion = 16.4;
					};
					0AF8B4972DF6E7020037B0F1 = {
						CreatedOnToolsVersion = 16.4;
						TestTargetID = 0AF8B48A2DF6E7000037B0F1;
					};
					0AF8B4A12DF6E7020037B0F1 = {
						CreatedOnToolsVersion = 16.4;
						TestTargetID = 0AF8B48A2DF6E7000037B0F1;
					};
				};
			};
			buildConfigurationList = 0AF8B4862DF6E7000037B0F1 /* Build configuration list for PBXProject "Povver" */;
			developmentRegion = en;
			hasScannedForEncodings = 0;
			knownRegions = (
				en,
				Base,
			);
			mainGroup = 0AF8B4822DF6E7000037B0F1;
			minimizedProjectReferenceProxies = 1;
			packageReferences = (
				0AF8B4DB2DF6F4570037B0F1 /* XCRemoteSwiftPackageReference "firebase-ios-sdk" */,
				0A37F8FF2E0FE5C3005FA2D1 /* XCRemoteSwiftPackageReference "Down" */,
				0A64B8062F40BD8700A1F819 /* XCRemoteSwiftPackageReference "GoogleSignIn-iOS" */,
			);
			preferredProjectObjectVersion = 77;
			productRefGroup = 0AF8B48C2DF6E7000037B0F1 /* Products */;
			projectDirPath = "";
			projectRoot = "";
			targets = (
				0AF8B48A2DF6E7000037B0F1 /* Povver */,
				0AF8B4972DF6E7020037B0F1 /* PovverTests */,
				0AF8B4A12DF6E7020037B0F1 /* PovverUITests */,
			);
		};
/* End PBXProject section */

/* Begin PBXResourcesBuildPhase section */
		0AF8B4892DF6E7000037B0F1 /* Resources */ = {
			isa = PBXResourcesBuildPhase;
			buildActionMask = 2147483647;
			files = (
			);
			runOnlyForDeploymentPostprocessing = 0;
		};
		0AF8B4962DF6E7020037B0F1 /* Resources */ = {
			isa = PBXResourcesBuildPhase;
			buildActionMask = 2147483647;
			files = (
			);
			runOnlyForDeploymentPostprocessing = 0;
		};
		0AF8B4A02DF6E7020037B0F1 /* Resources */ = {
			isa = PBXResourcesBuildPhase;
			buildActionMask = 2147483647;
			files = (
			);
			runOnlyForDeploymentPostprocessing = 0;
		};
/* End PBXResourcesBuildPhase section */

/* Begin PBXSourcesBuildPhase section */
		0AF8B4872DF6E7000037B0F1 /* Sources */ = {
			isa = PBXSourcesBuildPhase;
			buildActionMask = 2147483647;
			files = (
			);
			runOnlyForDeploymentPostprocessing = 0;
		};
		0AF8B4942DF6E7020037B0F1 /* Sources */ = {
			isa = PBXSourcesBuildPhase;
			buildActionMask = 2147483647;
			files = (
			);
			runOnlyForDeploymentPostprocessing = 0;
		};
		0AF8B49E2DF6E7020037B0F1 /* Sources */ = {
			isa = PBXSourcesBuildPhase;
			buildActionMask = 2147483647;
			files = (
			);
			runOnlyForDeploymentPostprocessing = 0;
		};
/* End PBXSourcesBuildPhase section */

/* Begin PBXTargetDependency section */
		0AF8B49A2DF6E7020037B0F1 /* PBXTargetDependency */ = {
			isa = PBXTargetDependency;
			target = 0AF8B48A2DF6E7000037B0F1 /* Povver */;
			targetProxy = 0AF8B4992DF6E7020037B0F1 /* PBXContainerItemProxy */;
		};
		0AF8B4A42DF6E7020037B0F1 /* PBXTargetDependency */ = {
			isa = PBXTargetDependency;
			target = 0AF8B48A2DF6E7000037B0F1 /* Povver */;
			targetProxy = 0AF8B4A32DF6E7020037B0F1 /* PBXContainerItemProxy */;
		};
/* End PBXTargetDependency section */

/* Begin XCBuildConfiguration section */
		0AF8B4AA2DF6E7020037B0F1 /* Debug */ = {
			isa = XCBuildConfiguration;
			buildSettings = {
				ALWAYS_SEARCH_USER_PATHS = NO;
				ASSETCATALOG_COMPILER_GENERATE_SWIFT_ASSET_SYMBOL_EXTENSIONS = YES;
				CLANG_ANALYZER_NONNULL = YES;
				CLANG_ANALYZER_NUMBER_OBJECT_CONVERSION = YES_AGGRESSIVE;
				CLANG_CXX_LANGUAGE_STANDARD = "gnu++20";
				CLANG_ENABLE_MODULES = YES;
				CLANG_ENABLE_OBJC_ARC = YES;
				CLANG_ENABLE_OBJC_WEAK = YES;
				CLANG_WARN_BLOCK_CAPTURE_AUTORELEASING = YES;
				CLANG_WARN_BOOL_CONVERSION = YES;
				CLANG_WARN_COMMA = YES;
				CLANG_WARN_CONSTANT_CONVERSION = YES;
				CLANG_WARN_DEPRECATED_OBJC_IMPLEMENTATIONS = YES;
				CLANG_WARN_DIRECT_OBJC_ISA_USAGE = YES_ERROR;
				CLANG_WARN_DOCUMENTATION_COMMENTS = YES;
				CLANG_WARN_EMPTY_BODY = YES;
				CLANG_WARN_ENUM_CONVERSION = YES;
				CLANG_WARN_INFINITE_RECURSION = YES;
				CLANG_WARN_INT_CONVERSION = YES;
				CLANG_WARN_NON_LITERAL_NULL_CONVERSION = YES;
				CLANG_WARN_OBJC_IMPLICIT_RETAIN_SELF = YES;
				CLANG_WARN_OBJC_LITERAL_CONVERSION = YES;
				CLANG_WARN_OBJC_ROOT_CLASS = YES_ERROR;
				CLANG_WARN_QUOTED_INCLUDE_IN_FRAMEWORK_HEADER = YES;
				CLANG_WARN_RANGE_LOOP_ANALYSIS = YES;
				CLANG_WARN_STRICT_PROTOTYPES = YES;
				CLANG_WARN_SUSPICIOUS_MOVE = YES;
				CLANG_WARN_UNGUARDED_AVAILABILITY = YES_AGGRESSIVE;
				CLANG_WARN_UNREACHABLE_CODE = YES;
				CLANG_WARN__DUPLICATE_METHOD_MATCH = YES;
				COPY_PHASE_STRIP = NO;
				DEBUG_INFORMATION_FORMAT = dwarf;
				DEVELOPMENT_TEAM = 39Y97672R9;
				ENABLE_STRICT_OBJC_MSGSEND = YES;
				ENABLE_TESTABILITY = YES;
				ENABLE_USER_SCRIPT_SANDBOXING = YES;
				GCC_C_LANGUAGE_STANDARD = gnu17;
				GCC_DYNAMIC_NO_PIC = NO;
				GCC_NO_COMMON_BLOCKS = YES;
				GCC_OPTIMIZATION_LEVEL = 0;
				GCC_PREPROCESSOR_DEFINITIONS = (
					"DEBUG=1",
					"$(inherited)",
				);
				GCC_WARN_64_TO_32_BIT_CONVERSION = YES;
				GCC_WARN_ABOUT_RETURN_TYPE = YES_ERROR;
				GCC_WARN_UNDECLARED_SELECTOR = YES;
				GCC_WARN_UNINITIALIZED_AUTOS = YES_AGGRESSIVE;
				GCC_WARN_UNUSED_FUNCTION = YES;
				GCC_WARN_UNUSED_VARIABLE = YES;
				IPHONEOS_DEPLOYMENT_TARGET = 18.5;
				LOCALIZATION_PREFERS_STRING_CATALOGS = YES;
				MTL_ENABLE_DEBUG_INFO = INCLUDE_SOURCE;
				MTL_FAST_MATH = YES;
				ONLY_ACTIVE_ARCH = YES;
				SDKROOT = iphoneos;
				STRING_CATALOG_GENERATE_SYMBOLS = YES;
				SWIFT_ACTIVE_COMPILATION_CONDITIONS = "DEBUG $(inherited)";
				SWIFT_OPTIMIZATION_LEVEL = "-Onone";
			};
			name = Debug;
		};
		0AF8B4AB2DF6E7020037B0F1 /* Release */ = {
			isa = XCBuildConfiguration;
			buildSettings = {
				ALWAYS_SEARCH_USER_PATHS = NO;
				ASSETCATALOG_COMPILER_GENERATE_SWIFT_ASSET_SYMBOL_EXTENSIONS = YES;
				CLANG_ANALYZER_NONNULL = YES;
				CLANG_ANALYZER_NUMBER_OBJECT_CONVERSION = YES_AGGRESSIVE;
				CLANG_CXX_LANGUAGE_STANDARD = "gnu++20";
				CLANG_ENABLE_MODULES = YES;
				CLANG_ENABLE_OBJC_ARC = YES;
				CLANG_ENABLE_OBJC_WEAK = YES;
				CLANG_WARN_BLOCK_CAPTURE_AUTORELEASING = YES;
				CLANG_WARN_BOOL_CONVERSION = YES;
				CLANG_WARN_COMMA = YES;
				CLANG_WARN_CONSTANT_CONVERSION = YES;
				CLANG_WARN_DEPRECATED_OBJC_IMPLEMENTATIONS = YES;
				CLANG_WARN_DIRECT_OBJC_ISA_USAGE = YES_ERROR;
				CLANG_WARN_DOCUMENTATION_COMMENTS = YES;
				CLANG_WARN_EMPTY_BODY = YES;
				CLANG_WARN_ENUM_CONVERSION = YES;
				CLANG_WARN_INFINITE_RECURSION = YES;
				CLANG_WARN_INT_CONVERSION = YES;
				CLANG_WARN_NON_LITERAL_NULL_CONVERSION = YES;
				CLANG_WARN_OBJC_IMPLICIT_RETAIN_SELF = YES;
				CLANG_WARN_OBJC_LITERAL_CONVERSION = YES;
				CLANG_WARN_OBJC_ROOT_CLASS = YES_ERROR;
				CLANG_WARN_QUOTED_INCLUDE_IN_FRAMEWORK_HEADER = YES;
				CLANG_WARN_RANGE_LOOP_ANALYSIS = YES;
				CLANG_WARN_STRICT_PROTOTYPES = YES;
				CLANG_WARN_SUSPICIOUS_MOVE = YES;
				CLANG_WARN_UNGUARDED_AVAILABILITY = YES_AGGRESSIVE;
				CLANG_WARN_UNREACHABLE_CODE = YES;
				CLANG_WARN__DUPLICATE_METHOD_MATCH = YES;
				COPY_PHASE_STRIP = NO;
				DEBUG_INFORMATION_FORMAT = "dwarf-with-dsym";
				DEVELOPMENT_TEAM = 39Y97672R9;
				ENABLE_NS_ASSERTIONS = NO;
				ENABLE_STRICT_OBJC_MSGSEND = YES;
				ENABLE_USER_SCRIPT_SANDBOXING = YES;
				GCC_C_LANGUAGE_STANDARD = gnu17;
				GCC_NO_COMMON_BLOCKS = YES;
				GCC_WARN_64_TO_32_BIT_CONVERSION = YES;
				GCC_WARN_ABOUT_RETURN_TYPE = YES_ERROR;
				GCC_WARN_UNDECLARED_SELECTOR = YES;
				GCC_WARN_UNINITIALIZED_AUTOS = YES_AGGRESSIVE;
				GCC_WARN_UNUSED_FUNCTION = YES;
				GCC_WARN_UNUSED_VARIABLE = YES;
				IPHONEOS_DEPLOYMENT_TARGET = 18.5;
				LOCALIZATION_PREFERS_STRING_CATALOGS = YES;
				MTL_ENABLE_DEBUG_INFO = NO;
				MTL_FAST_MATH = YES;
				SDKROOT = iphoneos;
				STRING_CATALOG_GENERATE_SYMBOLS = YES;
				SWIFT_COMPILATION_MODE = wholemodule;
				VALIDATE_PRODUCT = YES;
			};
			name = Release;
		};
		0AF8B4AD2DF6E7020037B0F1 /* Debug */ = {
			isa = XCBuildConfiguration;
			buildSettings = {
				ASSETCATALOG_COMPILER_APPICON_NAME = AppIcon;
				ASSETCATALOG_COMPILER_GLOBAL_ACCENT_COLOR_NAME = AccentColor;
				CODE_SIGN_ENTITLEMENTS = Povver/Povver.entitlements;
				CODE_SIGN_STYLE = Automatic;
				CURRENT_PROJECT_VERSION = 1;
				DEVELOPMENT_TEAM = 39Y97672R9;
				ENABLE_PREVIEWS = YES;
				EXCLUDED_SOURCE_FILE_NAMES = "*.md";
				GENERATE_INFOPLIST_FILE = YES;
				INFOPLIST_FILE = Povver/Info.plist;
				INFOPLIST_KEY_UIApplicationSceneManifest_Generation = YES;
				INFOPLIST_KEY_UIApplicationSupportsIndirectInputEvents = YES;
				INFOPLIST_KEY_UILaunchScreen_Generation = YES;
				INFOPLIST_KEY_UISupportedInterfaceOrientations_iPad = "UIInterfaceOrientationPortrait UIInterfaceOrientationPortraitUpsideDown UIInterfaceOrientationLandscapeLeft UIInterfaceOrientationLandscapeRight";
				INFOPLIST_KEY_UISupportedInterfaceOrientations_iPhone = "UIInterfaceOrientationPortrait UIInterfaceOrientationLandscapeLeft UIInterfaceOrientationLandscapeRight";
				LD_RUNPATH_SEARCH_PATHS = (
					"$(inherited)",
					"@executable_path/Frameworks",
				);
				MARKETING_VERSION = 1.0;
				PRODUCT_BUNDLE_IDENTIFIER = com.povver.Povver;
				PRODUCT_NAME = "$(TARGET_NAME)";
				SWIFT_EMIT_LOC_STRINGS = YES;
				SWIFT_VERSION = 5.0;
				TARGETED_DEVICE_FAMILY = "1,2";
			};
			name = Debug;
		};
		0AF8B4AE2DF6E7020037B0F1 /* Release */ = {
			isa = XCBuildConfiguration;
			buildSettings = {
				ASSETCATALOG_COMPILER_APPICON_NAME = AppIcon;
				ASSETCATALOG_COMPILER_GLOBAL_ACCENT_COLOR_NAME = AccentColor;
				CODE_SIGN_ENTITLEMENTS = Povver/Povver.entitlements;
				CODE_SIGN_STYLE = Automatic;
				CURRENT_PROJECT_VERSION = 1;
				DEVELOPMENT_TEAM = 39Y97672R9;
				ENABLE_PREVIEWS = YES;
				EXCLUDED_SOURCE_FILE_NAMES = "*.md";
				GENERATE_INFOPLIST_FILE = YES;
				INFOPLIST_FILE = Povver/Info.plist;
				INFOPLIST_KEY_UIApplicationSceneManifest_Generation = YES;
				INFOPLIST_KEY_UIApplicationSupportsIndirectInputEvents = YES;
				INFOPLIST_KEY_UILaunchScreen_Generation = YES;
				INFOPLIST_KEY_UISupportedInterfaceOrientations_iPad = "UIInterfaceOrientationPortrait UIInterfaceOrientationPortraitUpsideDown UIInterfaceOrientationLandscapeLeft UIInterfaceOrientationLandscapeRight";
				INFOPLIST_KEY_UISupportedInterfaceOrientations_iPhone = "UIInterfaceOrientationPortrait UIInterfaceOrientationLandscapeLeft UIInterfaceOrientationLandscapeRight";
				LD_RUNPATH_SEARCH_PATHS = (
					"$(inherited)",
					"@executable_path/Frameworks",
				);
				MARKETING_VERSION = 1.0;
				PRODUCT_BUNDLE_IDENTIFIER = com.povver.Povver;
				PRODUCT_NAME = "$(TARGET_NAME)";
				SWIFT_EMIT_LOC_STRINGS = YES;
				SWIFT_VERSION = 5.0;
				TARGETED_DEVICE_FAMILY = "1,2";
			};
			name = Release;
		};
		0AF8B4B02DF6E7020037B0F1 /* Debug */ = {
			isa = XCBuildConfiguration;
			buildSettings = {
				BUNDLE_LOADER = "$(TEST_HOST)";
				CODE_SIGN_STYLE = Automatic;
				CURRENT_PROJECT_VERSION = 1;
				DEVELOPMENT_TEAM = 39Y97672R9;
				GENERATE_INFOPLIST_FILE = YES;
				IPHONEOS_DEPLOYMENT_TARGET = 18.5;
				MARKETING_VERSION = 1.0;
				PRODUCT_BUNDLE_IDENTIFIER = com.povver.PovverTests;
				PRODUCT_NAME = "$(TARGET_NAME)";
				SWIFT_EMIT_LOC_STRINGS = NO;
				SWIFT_VERSION = 5.0;
				TARGETED_DEVICE_FAMILY = "1,2";
				TEST_HOST = "$(BUILT_PRODUCTS_DIR)/Povver.app/$(BUNDLE_EXECUTABLE_FOLDER_PATH)/Povver";
			};
			name = Debug;
		};
		0AF8B4B12DF6E7020037B0F1 /* Release */ = {
			isa = XCBuildConfiguration;
			buildSettings = {
				BUNDLE_LOADER = "$(TEST_HOST)";
				CODE_SIGN_STYLE = Automatic;
				CURRENT_PROJECT_VERSION = 1;
				DEVELOPMENT_TEAM = 39Y97672R9;
				GENERATE_INFOPLIST_FILE = YES;
				IPHONEOS_DEPLOYMENT_TARGET = 18.5;
				MARKETING_VERSION = 1.0;
				PRODUCT_BUNDLE_IDENTIFIER = com.povver.PovverTests;
				PRODUCT_NAME = "$(TARGET_NAME)";
				SWIFT_EMIT_LOC_STRINGS = NO;
				SWIFT_VERSION = 5.0;
				TARGETED_DEVICE_FAMILY = "1,2";
				TEST_HOST = "$(BUILT_PRODUCTS_DIR)/Povver.app/$(BUNDLE_EXECUTABLE_FOLDER_PATH)/Povver";
			};
			name = Release;
		};
		0AF8B4B32DF6E7020037B0F1 /* Debug */ = {
			isa = XCBuildConfiguration;
			buildSettings = {
				CODE_SIGN_STYLE = Automatic;
				CURRENT_PROJECT_VERSION = 1;
				DEVELOPMENT_TEAM = 39Y97672R9;
				GENERATE_INFOPLIST_FILE = YES;
				MARKETING_VERSION = 1.0;
				PRODUCT_BUNDLE_IDENTIFIER = com.povver.PovverUITests;
				PRODUCT_NAME = "$(TARGET_NAME)";
				SWIFT_EMIT_LOC_STRINGS = NO;
				SWIFT_VERSION = 5.0;
				TARGETED_DEVICE_FAMILY = "1,2";
				TEST_TARGET_NAME = Povver;
			};
			name = Debug;
		};
		0AF8B4B42DF6E7020037B0F1 /* Release */ = {
			isa = XCBuildConfiguration;
			buildSettings = {
				CODE_SIGN_STYLE = Automatic;
				CURRENT_PROJECT_VERSION = 1;
				DEVELOPMENT_TEAM = 39Y97672R9;
				GENERATE_INFOPLIST_FILE = YES;
				MARKETING_VERSION = 1.0;
				PRODUCT_BUNDLE_IDENTIFIER = com.povver.PovverUITests;
				PRODUCT_NAME = "$(TARGET_NAME)";
				SWIFT_EMIT_LOC_STRINGS = NO;
				SWIFT_VERSION = 5.0;
				TARGETED_DEVICE_FAMILY = "1,2";
				TEST_TARGET_NAME = Povver;
			};
			name = Release;
		};
/* End XCBuildConfiguration section */

/* Begin XCConfigurationList section */
		0AF8B4862DF6E7000037B0F1 /* Build configuration list for PBXProject "Povver" */ = {
			isa = XCConfigurationList;
			buildConfigurations = (
				0AF8B4AA2DF6E7020037B0F1 /* Debug */,
				0AF8B4AB2DF6E7020037B0F1 /* Release */,
			);
			defaultConfigurationIsVisible = 0;
			defaultConfigurationName = Release;
		};
		0AF8B4AC2DF6E7020037B0F1 /* Build configuration list for PBXNativeTarget "Povver" */ = {
			isa = XCConfigurationList;
			buildConfigurations = (
				0AF8B4AD2DF6E7020037B0F1 /* Debug */,
				0AF8B4AE2DF6E7020037B0F1 /* Release */,
			);
			defaultConfigurationIsVisible = 0;
			defaultConfigurationName = Release;
		};
		0AF8B4AF2DF6E7020037B0F1 /* Build configuration list for PBXNativeTarget "PovverTests" */ = {
			isa = XCConfigurationList;
			buildConfigurations = (
				0AF8B4B02DF6E7020037B0F1 /* Debug */,
				0AF8B4B12DF6E7020037B0F1 /* Release */,
			);
			defaultConfigurationIsVisible = 0;
			defaultConfigurationName = Release;
		};
		0AF8B4B22DF6E7020037B0F1 /* Build configuration list for PBXNativeTarget "PovverUITests" */ = {
			isa = XCConfigurationList;
			buildConfigurations = (
				0AF8B4B32DF6E7020037B0F1 /* Debug */,
				0AF8B4B42DF6E7020037B0F1 /* Release */,
			);
			defaultConfigurationIsVisible = 0;
			defaultConfigurationName = Release;
		};
/* End XCConfigurationList section */

/* Begin XCRemoteSwiftPackageReference section */
		0A37F8FF2E0FE5C3005FA2D1 /* XCRemoteSwiftPackageReference "Down" */ = {
			isa = XCRemoteSwiftPackageReference;
			repositoryURL = "https://github.com/iwasrobbed/Down.git";
			requirement = {
				branch = master;
				kind = branch;
			};
		};
		0A64B8062F40BD8700A1F819 /* XCRemoteSwiftPackageReference "GoogleSignIn-iOS" */ = {
			isa = XCRemoteSwiftPackageReference;
			repositoryURL = "https://github.com/google/GoogleSignIn-iOS";
			requirement = {
				kind = upToNextMajorVersion;
				minimumVersion = 9.1.0;
			};
		};
		0AF8B4DB2DF6F4570037B0F1 /* XCRemoteSwiftPackageReference "firebase-ios-sdk" */ = {
			isa = XCRemoteSwiftPackageReference;
			repositoryURL = "https://github.com/firebase/firebase-ios-sdk";
			requirement = {
				kind = upToNextMajorVersion;
				minimumVersion = 11.14.0;
			};
		};
/* End XCRemoteSwiftPackageReference section */

/* Begin XCSwiftPackageProductDependency section */
		0A37F9002E0FE5C3005FA2D1 /* Down */ = {
			isa = XCSwiftPackageProductDependency;
			package = 0A37F8FF2E0FE5C3005FA2D1 /* XCRemoteSwiftPackageReference "Down" */;
			productName = Down;
		};
		0A64B8072F40BD8700A1F819 /* GoogleSignIn */ = {
			isa = XCSwiftPackageProductDependency;
			package = 0A64B8062F40BD8700A1F819 /* XCRemoteSwiftPackageReference "GoogleSignIn-iOS" */;
			productName = GoogleSignIn;
		};
		0A64B8092F40BD8700A1F819 /* GoogleSignInSwift */ = {
			isa = XCSwiftPackageProductDependency;
			package = 0A64B8062F40BD8700A1F819 /* XCRemoteSwiftPackageReference "GoogleSignIn-iOS" */;
			productName = GoogleSignInSwift;
		};
		0AF8B4DC2DF6F4570037B0F1 /* FirebaseAuth */ = {
			isa = XCSwiftPackageProductDependency;
			package = 0AF8B4DB2DF6F4570037B0F1 /* XCRemoteSwiftPackageReference "firebase-ios-sdk" */;
			productName = FirebaseAuth;
		};
		0AF8B4DE2DF6F4570037B0F1 /* FirebaseFirestore */ = {
			isa = XCSwiftPackageProductDependency;
			package = 0AF8B4DB2DF6F4570037B0F1 /* XCRemoteSwiftPackageReference "firebase-ios-sdk" */;
			productName = FirebaseFirestore;
		};
		0AF8B4E02DF6F4570037B0F1 /* FirebaseFunctions */ = {
			isa = XCSwiftPackageProductDependency;
			package = 0AF8B4DB2DF6F4570037B0F1 /* XCRemoteSwiftPackageReference "firebase-ios-sdk" */;
			productName = FirebaseFunctions;
		};
		0AF8B4E22DF6F4570037B0F1 /* FirebaseCrashlytics */ = {
			isa = XCSwiftPackageProductDependency;
			package = 0AF8B4DB2DF6F4570037B0F1 /* XCRemoteSwiftPackageReference "firebase-ios-sdk" */;
			productName = FirebaseCrashlytics;
		};
/* End XCSwiftPackageProductDependency section */
	};
	rootObject = 0AF8B4832DF6E7000037B0F1 /* Project object */;
}
